
Microsoft Visual Studio Solution File, Format Version 12.00
# Visual Studio 15
VisualStudioVersion = 15.0.28307.271
MinimumVisualStudioVersion = 10.0.40219.1
Project("{9A19103F-16F7-4668-BE54-9A1E7A4F7556}") = "GerenciadorDePedidos", "GerenciadorDePedidos\GerenciadorDePedidos.csproj", "{EB59277F-2331-4980-979D-131C4E896D9F}"
EndProject
Global
	GlobalSection(SolutionConfigurationPlatforms) = preSolution
		Debug|Any CPU = Debug|Any CPU
		Release|Any CPU = Release|Any CPU
	EndGlobalSection
	GlobalSection(ProjectConfigurationPlatforms) = postSolution
		{EB59277F-2331-4980-979D-131C4E896D9F}.Debug|Any CPU.ActiveCfg = Debug|Any CPU
		{EB59277F-2331-4980-979D-131C4E896D9F}.Debug|Any CPU.Build.0 = Debug|Any CPU
		{EB59277F-2331-4980-979D-131C4E896D9F}.Release|Any CPU.ActiveCfg = Release|Any CPU
		{EB59277F-2331-4980-979D-131C4E896D9F}.Release|Any CPU.Build.0 = Release|Any CPU
	EndGlobalSection
	GlobalSection(SolutionProperties) = preSolution
		HideSolutionNode = FALSE
	EndGlobalSection
	GlobalSection(ExtensibilityGlobals) = postSolution
		SolutionGuid = {F4C43BAD-199D-45D0-8FAE-A3428B36F8BC}
	EndGlobalSection
EndGlobal
